{
  "name": "english-pocket-dictionary",
  "version": "0.1.0",
  "lockfileVersion": 3,
  "requires": true,
  "packages": {
    "": {
      "name": "english-pocket-dictionary",
      "version": "0.1.0",
      "dependencies": {
        "hyphenation.en-us": "^0.2.1",
        "hypher": "^0.2.5"
      }
    },
    "node_modules/hyphenation.en-us": {
      "version": "0.2.1",
      "resolved": "https://registry.npmjs.org/hyphenation.en-us/-/hyphenation.en-us-0.2.1.tgz",
      "integrity": "sha512-ItXYgvIpfN8rfXl/GTBQC7DsSb5PPsKh9gGzViK/iWzCS5mvjDebFJ6xCcIYo8dal+nSp2rUzvTT7BosrKlL8A==",
      "dependencies": {
        "hypher": "*"
      }
    },
    "node_modules/hypher": {
      "version": "0.2.5",
      "resolved": "https://registry.npmjs.org/hypher/-/hypher-0.2.5.tgz",
      "integrity": "sha512-kUTpuyzBWWDO2VakmjHC/cxesg4lKQP+Fdc+7lrK4yvjNjkV9vm5UTZMDAwOyyHTOpbkYrAMlNZHG61NnE9vYQ==",
      "license": "BSD-3-Clause"
    }
  }
}
